// !$*UTF8*$!
{
	archiveVersion = 1;
	classes = {
	};
	objectVersion = 46;
	objects = {

/* Begin PBXBuildFile section */
		0C1178A41B466B860003B7CF /* BaseBill.m in Sources */ = {isa = PBXBuildFile; fileRef = 0C1178A11B466B860003B7CF /* BaseBill.m */; };
		0C1178A51B466B860003B7CF /* BaseBillManager.m in Sources */ = {isa = PBXBuildFile; fileRef = 0C1178A21B466B860003B7CF /* BaseBillManager.m */; };
		0C1178A81B466BA20003B7CF /* Model.xcdatamodeld in Sources */ = {isa = PBXBuildFile; fileRef = 0C1178A61B466BA20003B7CF /* Model.xcdatamodeld */; };
		0CA23B241B4CC4F2009F0198 /* PieChart.m in Sources */ = {isa = PBXBuildFile; fileRef = 0CA23B1F1B4CC4F2009F0198 /* PieChart.m */; };
		0CA23B251B4CC4F2009F0198 /* Histogram.m in Sources */ = {isa = PBXBuildFile; fileRef = 0CA23B211B4CC4F2009F0198 /* Histogram.m */; };
		0CA23B261B4CC4F2009F0198 /* LineChart.m in Sources */ = {isa = PBXBuildFile; fileRef = 0CA23B231B4CC4F2009F0198 /* LineChart.m */; };
		0CA3E4391B47BEFE0041CC48 /* ChartSet.m in Sources */ = {isa = PBXBuildFile; fileRef = 0CA3E4371B47BEFE0041CC48 /* ChartSet.m */; };
		0CA3E43A1B47BEFE0041CC48 /* ChartSet.xib in Resources */ = {isa = PBXBuildFile; fileRef = 0CA3E4381B47BEFE0041CC48 /* ChartSet.xib */; };
		0CAC308E1B4E1FC700FEC114 /* Dropdown.m in Sources */ = {isa = PBXBuildFile; fileRef = 0CAC308D1B4E1FC700FEC114 /* Dropdown.m */; };
		0CAC30911B4E49EE00FEC114 /* ShowTime.m in Sources */ = {isa = PBXBuildFile; fileRef = 0CAC30901B4E49EE00FEC114 /* ShowTime.m */; };
		0CAC30AE1B4E78C300FEC114 /* TimeManager.m in Sources */ = {isa = PBXBuildFile; fileRef = 0CAC30AD1B4E78C300FEC114 /* TimeManager.m */; };
		0CACF9E31B4F7150007E46D9 /* Images.xcassets in Resources */ = {isa = PBXBuildFile; fileRef = 0CACF9E21B4F7150007E46D9 /* Images.xcassets */; };
		0CACF9E71B4F8D78007E46D9 /* HistogramController.m in Sources */ = {isa = PBXBuildFile; fileRef = 0CACF9E51B4F8D78007E46D9 /* HistogramController.m */; };
		0CACF9E81B4F8D78007E46D9 /* HistogramController.xib in Resources */ = {isa = PBXBuildFile; fileRef = 0CACF9E61B4F8D78007E46D9 /* HistogramController.xib */; };
		0CACF9EB1B4F92AC007E46D9 /* MySehmented.m in Sources */ = {isa = PBXBuildFile; fileRef = 0CACF9EA1B4F92AC007E46D9 /* MySehmented.m */; };
		0CAFD88D1B4381D100DC204F /* main.m in Sources */ = {isa = PBXBuildFile; fileRef = 0CAFD88C1B4381D100DC204F /* main.m */; };
		0CAFD89B1B4381D100DC204F /* LaunchScreen.xib in Resources */ = {isa = PBXBuildFile; fileRef = 0CAFD8991B4381D100DC204F /* LaunchScreen.xib */; };
		0CAFD8A71B4381D100DC204F /* ElectronicBookTests.m in Sources */ = {isa = PBXBuildFile; fileRef = 0CAFD8A61B4381D100DC204F /* ElectronicBookTests.m */; };
		0CAFD8C61B4381F300DC204F /* FourthViewController.m in Sources */ = {isa = PBXBuildFile; fileRef = 0CAFD8B71B4381F200DC204F /* FourthViewController.m */; };
		0CAFD8C71B4381F300DC204F /* FourthViewController.xib in Resources */ = {isa = PBXBuildFile; fileRef = 0CAFD8B81B4381F200DC204F /* FourthViewController.xib */; };
		0CAFD8CB1B4381F300DC204F /* SecondViewController.m in Sources */ = {isa = PBXBuildFile; fileRef = 0CAFD8BD1B4381F200DC204F /* SecondViewController.m */; };
		0CAFD8CC1B4381F300DC204F /* SecondViewController.xib in Resources */ = {isa = PBXBuildFile; fileRef = 0CAFD8BE1B4381F200DC204F /* SecondViewController.xib */; };
		0CAFD8CD1B4381F300DC204F /* ThirdViewController.m in Sources */ = {isa = PBXBuildFile; fileRef = 0CAFD8C01B4381F200DC204F /* ThirdViewController.m */; };
		0CAFD8CE1B4381F300DC204F /* ThirdViewController.xib in Resources */ = {isa = PBXBuildFile; fileRef = 0CAFD8C11B4381F200DC204F /* ThirdViewController.xib */; };
		0CB1D4A71B4CEEC700E4ACB1 /* AppDelegate.m in Sources */ = {isa = PBXBuildFile; fileRef = 0CB1D4A61B4CEEC700E4ACB1 /* AppDelegate.m */; };
		0CB1D4BF1B4CEF3700E4ACB1 /* JHChangeCellAlertView.m in Sources */ = {isa = PBXBuildFile; fileRef = 0CB1D4B91B4CEF3700E4ACB1 /* JHChangeCellAlertView.m */; };
		0CB1D4C01B4CEF3700E4ACB1 /* JHDataDetailViewController.m in Sources */ = {isa = PBXBuildFile; fileRef = 0CB1D4BB1B4CEF3700E4ACB1 /* JHDataDetailViewController.m */; };
		0CB1D4C11B4CEF3700E4ACB1 /* JHDataDetailViewController.xib in Resources */ = {isa = PBXBuildFile; fileRef = 0CB1D4BC1B4CEF3700E4ACB1 /* JHDataDetailViewController.xib */; };
		0CB1D4C21B4CEF3700E4ACB1 /* JHTitleView.m in Sources */ = {isa = PBXBuildFile; fileRef = 0CB1D4BE1B4CEF3700E4ACB1 /* JHTitleView.m */; };
		0CB1D4CB1B4CF02700E4ACB1 /* JHNavDataController.m in Sources */ = {isa = PBXBuildFile; fileRef = 0CB1D4C51B4CF02700E4ACB1 /* JHNavDataController.m */; };
		0CB1D4CC1B4CF02700E4ACB1 /* JHNavDataController.xib in Resources */ = {isa = PBXBuildFile; fileRef = 0CB1D4C61B4CF02700E4ACB1 /* JHNavDataController.xib */; };
		0CB1D4CD1B4CF02700E4ACB1 /* JHOneTableViewCell.m in Sources */ = {isa = PBXBuildFile; fileRef = 0CB1D4C81B4CF02700E4ACB1 /* JHOneTableViewCell.m */; };
		0CB1D4CE1B4CF02700E4ACB1 /* JHOneTableViewCell.xib in Resources */ = {isa = PBXBuildFile; fileRef = 0CB1D4C91B4CF02700E4ACB1 /* JHOneTableViewCell.xib */; };
		0CB1D4CF1B4CF02700E4ACB1 /* JHTitleView.xib in Resources */ = {isa = PBXBuildFile; fileRef = 0CB1D4CA1B4CF02700E4ACB1 /* JHTitleView.xib */; };
		0CB1D4D21B4D2DEF00E4ACB1 /* CountData.m in Sources */ = {isa = PBXBuildFile; fileRef = 0CB1D4D11B4D2DEF00E4ACB1 /* CountData.m */; };
		0CF1F4211B4E943000F9585D /* PieChartController.m in Sources */ = {isa = PBXBuildFile; fileRef = 0CF1F41F1B4E943000F9585D /* PieChartController.m */; };
		0CF1F4221B4E943000F9585D /* PieChartController.xib in Resources */ = {isa = PBXBuildFile; fileRef = 0CF1F4201B4E943000F9585D /* PieChartController.xib */; };
/* End PBXBuildFile section */

/* Begin PBXContainerItemProxy section */
		0CAFD8A11B4381D100DC204F /* PBXContainerItemProxy */ = {
			isa = PBXContainerItemProxy;
			containerPortal = 0CAFD87F1B4381D100DC204F /* Project object */;
			proxyType = 1;
			remoteGlobalIDString = 0CAFD8861B4381D100DC204F;
			remoteInfo = ElectronicBook;
		};
/* End PBXContainerItemProxy section */

/* Begin PBXFileReference section */
		0C1178A01B466B860003B7CF /* BaseBill.h */ = {isa = PBXFileReference; fileEncoding = 4; lastKnownFileType = sourcecode.c.h; path = BaseBill.h; sourceTree = "<group>"; };
		0C1178A11B466B860003B7CF /* BaseBill.m */ = {isa = PBXFileReference; fileEncoding = 4; lastKnownFileType = sourcecode.c.objc; path = BaseBill.m; sourceTree = "<group>"; };
		0C1178A21B466B860003B7CF /* BaseBillManager.m */ = {isa = PBXFileReference; fileEncoding = 4; lastKnownFileType = sourcecode.c.objc; path = BaseBillManager.m; sourceTree = "<group>"; };
		0C1178A31B466B860003B7CF /* BaseBillManager.h */ = {isa = PBXFileReference; fileEncoding = 4; lastKnownFileType = sourcecode.c.h; path = BaseBillManager.h; sourceTree = "<group>"; };
		0C1178A71B466BA20003B7CF /* Model.xcdatamodel */ = {isa = PBXFileReference; lastKnownFileType = wrapper.xcdatamodel; path = Model.xcdatamodel; sourceTree = "<group>"; };
		0CA23B1E1B4CC4F2009F0198 /* PieChart.h */ = {isa = PBXFileReference; fileEncoding = 4; lastKnownFileType = sourcecode.c.h; path = PieChart.h; sourceTree = "<group>"; };
		0CA23B1F1B4CC4F2009F0198 /* PieChart.m */ = {isa = PBXFileReference; fileEncoding = 4; lastKnownFileType = sourcecode.c.objc; path = PieChart.m; sourceTree = "<group>"; };
		0CA23B201B4CC4F2009F0198 /* Histogram.h */ = {isa = PBXFileReference; fileEncoding = 4; lastKnownFileType = sourcecode.c.h; path = Histogram.h; sourceTree = "<group>"; };
		0CA23B211B4CC4F2009F0198 /* Histogram.m */ = {isa = PBXFileReference; fileEncoding = 4; lastKnownFileType = sourcecode.c.objc; path = Histogram.m; sourceTree = "<group>"; };
		0CA23B221B4CC4F2009F0198 /* LineChart.h */ = {isa = PBXFileReference; fileEncoding = 4; lastKnownFileType = sourcecode.c.h; path = LineChart.h; sourceTree = "<group>"; };
		0CA23B231B4CC4F2009F0198 /* LineChart.m */ = {isa = PBXFileReference; fileEncoding = 4; lastKnownFileType = sourcecode.c.objc; path = LineChart.m; sourceTree = "<group>"; };
		0CA3E4361B47BEFE0041CC48 /* ChartSet.h */ = {isa = PBXFileReference; fileEncoding = 4; lastKnownFileType = sourcecode.c.h; path = ChartSet.h; sourceTree = "<group>"; };
		0CA3E4371B47BEFE0041CC48 /* ChartSet.m */ = {isa = PBXFileReference; fileEncoding = 4; lastKnownFileType = sourcecode.c.objc; path = ChartSet.m; sourceTree = "<group>"; };
		0CA3E4381B47BEFE0041CC48 /* ChartSet.xib */ = {isa = PBXFileReference; fileEncoding = 4; lastKnownFileType = file.xib; path = ChartSet.xib; sourceTree = "<group>"; };
		0CAC308C1B4E1FC700FEC114 /* Dropdown.h */ = {isa = PBXFileReference; fileEncoding = 4; lastKnownFileType = sourcecode.c.h; path = Dropdown.h; sourceTree = "<group>"; };
		0CAC308D1B4E1FC700FEC114 /* Dropdown.m */ = {isa = PBXFileReference; fileEncoding = 4; lastKnownFileType = sourcecode.c.objc; path = Dropdown.m; sourceTree = "<group>"; };
		0CAC308F1B4E49EE00FEC114 /* ShowTime.h */ = {isa = PBXFileReference; fileEncoding = 4; lastKnownFileType = sourcecode.c.h; path = ShowTime.h; sourceTree = "<group>"; };
		0CAC30901B4E49EE00FEC114 /* ShowTime.m */ = {isa = PBXFileReference; fileEncoding = 4; lastKnownFileType = sourcecode.c.objc; path = ShowTime.m; sourceTree = "<group>"; };
		0CAC30AC1B4E78C300FEC114 /* TimeManager.h */ = {isa = PBXFileReference; fileEncoding = 4; lastKnownFileType = sourcecode.c.h; path = TimeManager.h; sourceTree = "<group>"; };
		0CAC30AD1B4E78C300FEC114 /* TimeManager.m */ = {isa = PBXFileReference; fileEncoding = 4; lastKnownFileType = sourcecode.c.objc; path = TimeManager.m; sourceTree = "<group>"; };
		0CACF9E21B4F7150007E46D9 /* Images.xcassets */ = {isa = PBXFileReference; lastKnownFileType = folder.assetcatalog; path = Images.xcassets; sourceTree = "<group>"; };
		0CACF9E41B4F8D78007E46D9 /* HistogramController.h */ = {isa = PBXFileReference; fileEncoding = 4; lastKnownFileType = sourcecode.c.h; path = HistogramController.h; sourceTree = "<group>"; };
		0CACF9E51B4F8D78007E46D9 /* HistogramController.m */ = {isa = PBXFileReference; fileEncoding = 4; lastKnownFileType = sourcecode.c.objc; path = HistogramController.m; sourceTree = "<group>"; };
		0CACF9E61B4F8D78007E46D9 /* HistogramController.xib */ = {isa = PBXFileReference; fileEncoding = 4; lastKnownFileType = file.xib; path = HistogramController.xib; sourceTree = "<group>"; };
		0CACF9E91B4F92AC007E46D9 /* MySehmented.h */ = {isa = PBXFileReference; fileEncoding = 4; lastKnownFileType = sourcecode.c.h; path = MySehmented.h; sourceTree = "<group>"; };
		0CACF9EA1B4F92AC007E46D9 /* MySehmented.m */ = {isa = PBXFileReference; fileEncoding = 4; lastKnownFileType = sourcecode.c.objc; path = MySehmented.m; sourceTree = "<group>"; };
		0CAFD8871B4381D100DC204F /* ElectronicBook.app */ = {isa = PBXFileReference; explicitFileType = wrapper.application; includeInIndex = 0; path = ElectronicBook.app; sourceTree = BUILT_PRODUCTS_DIR; };
		0CAFD88B1B4381D100DC204F /* Info.plist */ = {isa = PBXFileReference; lastKnownFileType = text.plist.xml; path = Info.plist; sourceTree = "<group>"; };
		0CAFD88C1B4381D100DC204F /* main.m */ = {isa = PBXFileReference; lastKnownFileType = sourcecode.c.objc; path = main.m; sourceTree = "<group>"; };
		0CAFD89A1B4381D100DC204F /* Base */ = {isa = PBXFileReference; lastKnownFileType = file.xib; name = Base; path = Base.lproj/LaunchScreen.xib; sourceTree = "<group>"; };
		0CAFD8A01B4381D100DC204F /* ElectronicBookTests.xctest */ = {isa = PBXFileReference; explicitFileType = wrapper.cfbundle; includeInIndex = 0; path = ElectronicBookTests.xctest; sourceTree = BUILT_PRODUCTS_DIR; };
		0CAFD8A51B4381D100DC204F /* Info.plist */ = {isa = PBXFileReference; lastKnownFileType = text.plist.xml; path = Info.plist; sourceTree = "<group>"; };
		0CAFD8A61B4381D100DC204F /* ElectronicBookTests.m */ = {isa = PBXFileReference; lastKnownFileType = sourcecode.c.objc; path = ElectronicBookTests.m; sourceTree = "<group>"; };
		0CAFD8B61B4381F200DC204F /* FourthViewController.h */ = {isa = PBXFileReference; fileEncoding = 4; lastKnownFileType = sourcecode.c.h; name = FourthViewController.h; path = ../FourthViewController.h; sourceTree = "<group>"; };
		0CAFD8B71B4381F200DC204F /* FourthViewController.m */ = {isa = PBXFileReference; fileEncoding = 4; lastKnownFileType = sourcecode.c.objc; name = FourthViewController.m; path = ../FourthViewController.m; sourceTree = "<group>"; };
		0CAFD8B81B4381F200DC204F /* FourthViewController.xib */ = {isa = PBXFileReference; fileEncoding = 4; lastKnownFileType = file.xib; name = FourthViewController.xib; path = ../FourthViewController.xib; sourceTree = "<group>"; };
		0CAFD8BC1B4381F200DC204F /* SecondViewController.h */ = {isa = PBXFileReference; fileEncoding = 4; lastKnownFileType = sourcecode.c.h; name = SecondViewController.h; path = ../SecondViewController.h; sourceTree = "<group>"; };
		0CAFD8BD1B4381F200DC204F /* SecondViewController.m */ = {isa = PBXFileReference; fileEncoding = 4; lastKnownFileType = sourcecode.c.objc; name = SecondViewController.m; path = ../SecondViewController.m; sourceTree = "<group>"; };
		0CAFD8BE1B4381F200DC204F /* SecondViewController.xib */ = {isa = PBXFileReference; fileEncoding = 4; lastKnownFileType = file.xib; name = SecondViewController.xib; path = ../SecondViewController.xib; sourceTree = "<group>"; };
		0CAFD8BF1B4381F200DC204F /* ThirdViewController.h */ = {isa = PBXFileReference; fileEncoding = 4; lastKnownFileType = sourcecode.c.h; name = ThirdViewController.h; path = ../ThirdViewController.h; sourceTree = "<group>"; };
		0CAFD8C01B4381F200DC204F /* ThirdViewController.m */ = {isa = PBXFileReference; fileEncoding = 4; lastKnownFileType = sourcecode.c.objc; name = ThirdViewController.m; path = ../ThirdViewController.m; sourceTree = "<group>"; };
		0CAFD8C11B4381F200DC204F /* ThirdViewController.xib */ = {isa = PBXFileReference; fileEncoding = 4; lastKnownFileType = file.xib; name = ThirdViewController.xib; path = ../ThirdViewController.xib; sourceTree = "<group>"; };
		0CB1D4A51B4CEEC700E4ACB1 /* AppDelegate.h */ = {isa = PBXFileReference; fileEncoding = 4; lastKnownFileType = sourcecode.c.h; path = AppDelegate.h; sourceTree = "<group>"; };
		0CB1D4A61B4CEEC700E4ACB1 /* AppDelegate.m */ = {isa = PBXFileReference; fileEncoding = 4; lastKnownFileType = sourcecode.c.objc; path = AppDelegate.m; sourceTree = "<group>"; };
		0CB1D4B81B4CEF3700E4ACB1 /* JHChangeCellAlertView.h */ = {isa = PBXFileReference; fileEncoding = 4; lastKnownFileType = sourcecode.c.h; path = JHChangeCellAlertView.h; sourceTree = "<group>"; };
		0CB1D4B91B4CEF3700E4ACB1 /* JHChangeCellAlertView.m */ = {isa = PBXFileReference; fileEncoding = 4; lastKnownFileType = sourcecode.c.objc; path = JHChangeCellAlertView.m; sourceTree = "<group>"; };
		0CB1D4BA1B4CEF3700E4ACB1 /* JHDataDetailViewController.h */ = {isa = PBXFileReference; fileEncoding = 4; lastKnownFileType = sourcecode.c.h; path = JHDataDetailViewController.h; sourceTree = "<group>"; };
		0CB1D4BB1B4CEF3700E4ACB1 /* JHDataDetailViewController.m */ = {isa = PBXFileReference; fileEncoding = 4; lastKnownFileType = sourcecode.c.objc; path = JHDataDetailViewController.m; sourceTree = "<group>"; };
		0CB1D4BC1B4CEF3700E4ACB1 /* JHDataDetailViewController.xib */ = {isa = PBXFileReference; fileEncoding = 4; lastKnownFileType = file.xib; path = JHDataDetailViewController.xib; sourceTree = "<group>"; };
		0CB1D4BD1B4CEF3700E4ACB1 /* JHTitleView.h */ = {isa = PBXFileReference; fileEncoding = 4; lastKnownFileType = sourcecode.c.h; path = JHTitleView.h; sourceTree = "<group>"; };
		0CB1D4BE1B4CEF3700E4ACB1 /* JHTitleView.m */ = {isa = PBXFileReference; fileEncoding = 4; lastKnownFileType = sourcecode.c.objc; path = JHTitleView.m; sourceTree = "<group>"; };
		0CB1D4C41B4CF02700E4ACB1 /* JHNavDataController.h */ = {isa = PBXFileReference; fileEncoding = 4; lastKnownFileType = sourcecode.c.h; path = JHNavDataController.h; sourceTree = "<group>"; };
		0CB1D4C51B4CF02700E4ACB1 /* JHNavDataController.m */ = {isa = PBXFileReference; fileEncoding = 4; lastKnownFileType = sourcecode.c.objc; path = JHNavDataController.m; sourceTree = "<group>"; };
		0CB1D4C61B4CF02700E4ACB1 /* JHNavDataController.xib */ = {isa = PBXFileReference; fileEncoding = 4; lastKnownFileType = file.xib; path = JHNavDataController.xib; sourceTree = "<group>"; };
		0CB1D4C71B4CF02700E4ACB1 /* JHOneTableViewCell.h */ = {isa = PBXFileReference; fileEncoding = 4; lastKnownFileType = sourcecode.c.h; path = JHOneTableViewCell.h; sourceTree = "<group>"; };
		0CB1D4C81B4CF02700E4ACB1 /* JHOneTableViewCell.m */ = {isa = PBXFileReference; fileEncoding = 4; lastKnownFileType = sourcecode.c.objc; path = JHOneTableViewCell.m; sourceTree = "<group>"; };
		0CB1D4C91B4CF02700E4ACB1 /* JHOneTableViewCell.xib */ = {isa = PBXFileReference; fileEncoding = 4; lastKnownFileType = file.xib; path = JHOneTableViewCell.xib; sourceTree = "<group>"; };
		0CB1D4CA1B4CF02700E4ACB1 /* JHTitleView.xib */ = {isa = PBXFileReference; fileEncoding = 4; lastKnownFileType = file.xib; path = JHTitleView.xib; sourceTree = "<group>"; };
		0CB1D4D01B4D2DEF00E4ACB1 /* CountData.h */ = {isa = PBXFileReference; fileEncoding = 4; lastKnownFileType = sourcecode.c.h; path = CountData.h; sourceTree = "<group>"; };
		0CB1D4D11B4D2DEF00E4ACB1 /* CountData.m */ = {isa = PBXFileReference; fileEncoding = 4; lastKnownFileType = sourcecode.c.objc; path = CountData.m; sourceTree = "<group>"; };
		0CF1F41E1B4E943000F9585D /* PieChartController.h */ = {isa = PBXFileReference; fileEncoding = 4; lastKnownFileType = sourcecode.c.h; path = PieChartController.h; sourceTree = "<group>"; };
		0CF1F41F1B4E943000F9585D /* PieChartController.m */ = {isa = PBXFileReference; fileEncoding = 4; lastKnownFileType = sourcecode.c.objc; path = PieChartController.m; sourceTree = "<group>"; };
		0CF1F4201B4E943000F9585D /* PieChartController.xib */ = {isa = PBXFileReference; fileEncoding = 4; lastKnownFileType = file.xib; path = PieChartController.xib; sourceTree = "<group>"; };
/* End PBXFileReference section */

/* Begin PBXFrameworksBuildPhase section */
		0CAFD8841B4381D100DC204F /* Frameworks */ = {
			isa = PBXFrameworksBuildPhase;
			buildActionMask = 2147483647;
			files = (
			);
			runOnlyForDeploymentPostprocessing = 0;
		};
		0CAFD89D1B4381D100DC204F /* Frameworks */ = {
			isa = PBXFrameworksBuildPhase;
			buildActionMask = 2147483647;
			files = (
			);
			runOnlyForDeploymentPostprocessing = 0;
		};
/* End PBXFrameworksBuildPhase section */

/* Begin PBXGroup section */
		0CA23B1D1B4CC4DB009F0198 /* chart */ = {
			isa = PBXGroup;
			children = (
				0CA23B1E1B4CC4F2009F0198 /* PieChart.h */,
				0CA23B1F1B4CC4F2009F0198 /* PieChart.m */,
				0CA23B201B4CC4F2009F0198 /* Histogram.h */,
				0CA23B211B4CC4F2009F0198 /* Histogram.m */,
				0CA23B221B4CC4F2009F0198 /* LineChart.h */,
				0CA23B231B4CC4F2009F0198 /* LineChart.m */,
			);
			name = chart;
			sourceTree = "<group>";
		};
		0CA3E3F01B4788C00041CC48 /* chartView */ = {
			isa = PBXGroup;
			children = (
				0CAC30AB1B4E78A300FEC114 /* tool */,
				0CA23B1D1B4CC4DB009F0198 /* chart */,
				0CA3E3F21B4788E90041CC48 /* view */,
				0CA3E3F11B4788D70041CC48 /* controller */,
			);
			name = chartView;
			sourceTree = "<group>";
		};
		0CA3E3F11B4788D70041CC48 /* controller */ = {
			isa = PBXGroup;
			children = (
				0CAFD8BF1B4381F200DC204F /* ThirdViewController.h */,
				0CAFD8C01B4381F200DC204F /* ThirdViewController.m */,
				0CA3E4361B47BEFE0041CC48 /* ChartSet.h */,
				0CA3E4371B47BEFE0041CC48 /* ChartSet.m */,
				0CF1F41E1B4E943000F9585D /* PieChartController.h */,
				0CF1F41F1B4E943000F9585D /* PieChartController.m */,
				0CACF9E41B4F8D78007E46D9 /* HistogramController.h */,
				0CACF9E51B4F8D78007E46D9 /* HistogramController.m */,
			);
			name = controller;
			sourceTree = "<group>";
		};
		0CA3E3F21B4788E90041CC48 /* view */ = {
			isa = PBXGroup;
			children = (
				0CAC308C1B4E1FC700FEC114 /* Dropdown.h */,
				0CAC308D1B4E1FC700FEC114 /* Dropdown.m */,
				0CAFD8C11B4381F200DC204F /* ThirdViewController.xib */,
				0CA3E4381B47BEFE0041CC48 /* ChartSet.xib */,
				0CACF9E61B4F8D78007E46D9 /* HistogramController.xib */,
				0CF1F4201B4E943000F9585D /* PieChartController.xib */,
				0CAC308F1B4E49EE00FEC114 /* ShowTime.h */,
				0CAC30901B4E49EE00FEC114 /* ShowTime.m */,
				0CACF9E91B4F92AC007E46D9 /* MySehmented.h */,
				0CACF9EA1B4F92AC007E46D9 /* MySehmented.m */,
			);
			name = view;
			sourceTree = "<group>";
		};
		0CAC30AB1B4E78A300FEC114 /* tool */ = {
			isa = PBXGroup;
			children = (
				0CB1D4D01B4D2DEF00E4ACB1 /* CountData.h */,
				0CB1D4D11B4D2DEF00E4ACB1 /* CountData.m */,
				0CAC30AC1B4E78C300FEC114 /* TimeManager.h */,
				0CAC30AD1B4E78C300FEC114 /* TimeManager.m */,
			);
			name = tool;
			sourceTree = "<group>";
		};
		0CAFD87E1B4381D100DC204F = {
			isa = PBXGroup;
			children = (
				0CAFD8891B4381D100DC204F /* ElectronicBook */,
				0CAFD8A31B4381D100DC204F /* ElectronicBookTests */,
				0CAFD8881B4381D100DC204F /* Products */,
			);
			sourceTree = "<group>";
		};
		0CAFD8881B4381D100DC204F /* Products */ = {
			isa = PBXGroup;
			children = (
				0CAFD8871B4381D100DC204F /* ElectronicBook.app */,
				0CAFD8A01B4381D100DC204F /* ElectronicBookTests.xctest */,
			);
			name = Products;
			sourceTree = "<group>";
		};
		0CAFD8891B4381D100DC204F /* ElectronicBook */ = {
			isa = PBXGroup;
			children = (
				0CB1D4C31B4CEF7100E4ACB1 /* FIrst */,
				0CA3E3F01B4788C00041CC48 /* chartView */,
				0CAFD8D41B43829100DC204F /* other */,
				0CAFD8D31B43824D00DC204F /* view */,
				0CAFD8D21B43823300DC204F /* controller */,
				0CAFD8D11B43822D00DC204F /* model */,
				0CAFD88A1B4381D100DC204F /* Supporting Files */,
			);
			path = ElectronicBook;
			sourceTree = "<group>";
		};
		0CAFD88A1B4381D100DC204F /* Supporting Files */ = {
			isa = PBXGroup;
			children = (
				0CACF9E21B4F7150007E46D9 /* Images.xcassets */,
				0CAFD88B1B4381D100DC204F /* Info.plist */,
				0CAFD88C1B4381D100DC204F /* main.m */,
				0C1178A61B466BA20003B7CF /* Model.xcdatamodeld */,
			);
			name = "Supporting Files";
			sourceTree = "<group>";
		};
		0CAFD8A31B4381D100DC204F /* ElectronicBookTests */ = {
			isa = PBXGroup;
			children = (
				0CAFD8A61B4381D100DC204F /* ElectronicBookTests.m */,
				0CAFD8A41B4381D100DC204F /* Supporting Files */,
			);
			path = ElectronicBookTests;
			sourceTree = "<group>";
		};
		0CAFD8A41B4381D100DC204F /* Supporting Files */ = {
			isa = PBXGroup;
			children = (
				0CAFD8A51B4381D100DC204F /* Info.plist */,
			);
			name = "Supporting Files";
			sourceTree = "<group>";
		};
		0CAFD8D11B43822D00DC204F /* model */ = {
			isa = PBXGroup;
			children = (
				0C1178A01B466B860003B7CF /* BaseBill.h */,
				0C1178A11B466B860003B7CF /* BaseBill.m */,
				0C1178A31B466B860003B7CF /* BaseBillManager.h */,
				0C1178A21B466B860003B7CF /* BaseBillManager.m */,
			);
			name = model;
			sourceTree = "<group>";
		};
		0CAFD8D21B43823300DC204F /* controller */ = {
			isa = PBXGroup;
			children = (
				0CAFD8BC1B4381F200DC204F /* SecondViewController.h */,
				0CAFD8BD1B4381F200DC204F /* SecondViewController.m */,
				0CAFD8B61B4381F200DC204F /* FourthViewController.h */,
				0CAFD8B71B4381F200DC204F /* FourthViewController.m */,
			);
			name = controller;
			sourceTree = "<group>";
		};
		0CAFD8D31B43824D00DC204F /* view */ = {
			isa = PBXGroup;
			children = (
				0CAFD8991B4381D100DC204F /* LaunchScreen.xib */,
				0CAFD8BE1B4381F200DC204F /* SecondViewController.xib */,
				0CAFD8B81B4381F200DC204F /* FourthViewController.xib */,
			);
			name = view;
			sourceTree = "<group>";
		};
		0CAFD8D41B43829100DC204F /* other */ = {
			isa = PBXGroup;
			children = (
				0CB1D4A51B4CEEC700E4ACB1 /* AppDelegate.h */,
				0CB1D4A61B4CEEC700E4ACB1 /* AppDelegate.m */,
			);
			name = other;
			sourceTree = "<group>";
		};
		0CB1D4C31B4CEF7100E4ACB1 /* FIrst */ = {
			isa = PBXGroup;
			children = (
				0CB1D4B81B4CEF3700E4ACB1 /* JHChangeCellAlertView.h */,
				0CB1D4B91B4CEF3700E4ACB1 /* JHChangeCellAlertView.m */,
				0CB1D4BA1B4CEF3700E4ACB1 /* JHDataDetailViewController.h */,
				0CB1D4BB1B4CEF3700E4ACB1 /* JHDataDetailViewController.m */,
				0CB1D4BC1B4CEF3700E4ACB1 /* JHDataDetailViewController.xib */,
				0CB1D4BD1B4CEF3700E4ACB1 /* JHTitleView.h */,
				0CB1D4BE1B4CEF3700E4ACB1 /* JHTitleView.m */,
				0CB1D4C41B4CF02700E4ACB1 /* JHNavDataController.h */,
				0CB1D4C51B4CF02700E4ACB1 /* JHNavDataController.m */,
				0CB1D4C61B4CF02700E4ACB1 /* JHNavDataController.xib */,
				0CB1D4C71B4CF02700E4ACB1 /* JHOneTableViewCell.h */,
				0CB1D4C81B4CF02700E4ACB1 /* JHOneTableViewCell.m */,
				0CB1D4C91B4CF02700E4ACB1 /* JHOneTableViewCell.xib */,
				0CB1D4CA1B4CF02700E4ACB1 /* JHTitleView.xib */,
			);
			name = FIrst;
			sourceTree = "<group>";
		};
/* End PBXGroup section */

/* Begin PBXNativeTarget section */
		0CAFD8861B4381D100DC204F /* ElectronicBook */ = {
			isa = PBXNativeTarget;
			buildConfigurationList = 0CAFD8AA1B4381D100DC204F /* Build configuration list for PBXNativeTarget "ElectronicBook" */;
			buildPhases = (
				0CAFD8831B4381D100DC204F /* Sources */,
				0CAFD8841B4381D100DC204F /* Frameworks */,
				0CAFD8851B4381D100DC204F /* Resources */,
			);
			buildRules = (
			);
			dependencies = (
			);
			name = ElectronicBook;
			productName = ElectronicBook;
			productReference = 0CAFD8871B4381D100DC204F /* ElectronicBook.app */;
			productType = "com.apple.product-type.application";
		};
		0CAFD89F1B4381D100DC204F /* ElectronicBookTests */ = {
			isa = PBXNativeTarget;
			buildConfigurationList = 0CAFD8AD1B4381D100DC204F /* Build configuration list for PBXNativeTarget "ElectronicBookTests" */;
			buildPhases = (
				0CAFD89C1B4381D100DC204F /* Sources */,
				0CAFD89D1B4381D100DC204F /* Frameworks */,
				0CAFD89E1B4381D100DC204F /* Resources */,
			);
			buildRules = (
			);
			dependencies = (
				0CAFD8A21B4381D100DC204F /* PBXTargetDependency */,
			);
			name = ElectronicBookTests;
			productName = ElectronicBookTests;
			productReference = 0CAFD8A01B4381D100DC204F /* ElectronicBookTests.xctest */;
			productType = "com.apple.product-type.bundle.unit-test";
		};
/* End PBXNativeTarget section */

/* Begin PBXProject section */
		0CAFD87F1B4381D100DC204F /* Project object */ = {
			isa = PBXProject;
			attributes = {
				LastUpgradeCheck = 0610;
				ORGANIZATIONNAME = wonder;
				TargetAttributes = {
					0CAFD8861B4381D100DC204F = {
						CreatedOnToolsVersion = 6.1.1;
					};
					0CAFD89F1B4381D100DC204F = {
						CreatedOnToolsVersion = 6.1.1;
						TestTargetID = 0CAFD8861B4381D100DC204F;
					};
				};
			};
			buildConfigurationList = 0CAFD8821B4381D100DC204F /* Build configuration list for PBXProject "ElectronicBook" */;
			compatibilityVersion = "Xcode 3.2";
			developmentRegion = English;
			hasScannedForEncodings = 0;
			knownRegions = (
				en,
				Base,
			);
			mainGroup = 0CAFD87E1B4381D100DC204F;
			productRefGroup = 0CAFD8881B4381D100DC204F /* Products */;
			projectDirPath = "";
			projectRoot = "";
			targets = (
				0CAFD8861B4381D100DC204F /* ElectronicBook */,
				0CAFD89F1B4381D100DC204F /* ElectronicBookTests */,
			);
		};
/* End PBXProject section */

/* Begin PBXResourcesBuildPhase section */
		0CAFD8851B4381D100DC204F /* Resources */ = {
			isa = PBXResourcesBuildPhase;
			buildActionMask = 2147483647;
			files = (
				0CB1D4CF1B4CF02700E4ACB1 /* JHTitleView.xib in Resources */,
				0CB1D4CC1B4CF02700E4ACB1 /* JHNavDataController.xib in Resources */,
				0CA3E43A1B47BEFE0041CC48 /* ChartSet.xib in Resources */,
				0CB1D4CE1B4CF02700E4ACB1 /* JHOneTableViewCell.xib in Resources */,
				0CACF9E31B4F7150007E46D9 /* Images.xcassets in Resources */,
				0CF1F4221B4E943000F9585D /* PieChartController.xib in Resources */,
				0CAFD8CC1B4381F300DC204F /* SecondViewController.xib in Resources */,
				0CAFD89B1B4381D100DC204F /* LaunchScreen.xib in Resources */,
				0CAFD8C71B4381F300DC204F /* FourthViewController.xib in Resources */,
				0CB1D4C11B4CEF3700E4ACB1 /* JHDataDetailViewController.xib in Resources */,
				0CACF9E81B4F8D78007E46D9 /* HistogramController.xib in Resources */,
				0CAFD8CE1B4381F300DC204F /* ThirdViewController.xib in Resources */,
			);
			runOnlyForDeploymentPostprocessing = 0;
		};
		0CAFD89E1B4381D100DC204F /* Resources */ = {
			isa = PBXResourcesBuildPhase;
			buildActionMask = 2147483647;
			files = (
			);
			runOnlyForDeploymentPostprocessing = 0;
		};
/* End PBXResourcesBuildPhase section */

/* Begin PBXSourcesBuildPhase section */
		0CAFD8831B4381D100DC204F /* Sources */ = {
			isa = PBXSourcesBuildPhase;
			buildActionMask = 2147483647;
			files = (
				0CAFD8C61B4381F300DC204F /* FourthViewController.m in Sources */,
				0CA23B241B4CC4F2009F0198 /* PieChart.m in Sources */,
				0CA23B251B4CC4F2009F0198 /* Histogram.m in Sources */,
				0CB1D4CD1B4CF02700E4ACB1 /* JHOneTableViewCell.m in Sources */,
				0CAC30AE1B4E78C300FEC114 /* TimeManager.m in Sources */,
				0CB1D4C01B4CEF3700E4ACB1 /* JHDataDetailViewController.m in Sources */,
				0CB1D4C21B4CEF3700E4ACB1 /* JHTitleView.m in Sources */,
				0CAFD8CB1B4381F300DC204F /* SecondViewController.m in Sources */,
				0CAC308E1B4E1FC700FEC114 /* Dropdown.m in Sources */,
				0CB1D4A71B4CEEC700E4ACB1 /* AppDelegate.m in Sources */,
				0CA23B261B4CC4F2009F0198 /* LineChart.m in Sources */,
				0CAFD8CD1B4381F300DC204F /* ThirdViewController.m in Sources */,
				0CB1D4CB1B4CF02700E4ACB1 /* JHNavDataController.m in Sources */,
				0CACF9E71B4F8D78007E46D9 /* HistogramController.m in Sources */,
				0CB1D4D21B4D2DEF00E4ACB1 /* CountData.m in Sources */,
				0CAC30911B4E49EE00FEC114 /* ShowTime.m in Sources */,
				0CA3E4391B47BEFE0041CC48 /* ChartSet.m in Sources */,
				0C1178A81B466BA20003B7CF /* Model.xcdatamodeld in Sources */,
				0C1178A51B466B860003B7CF /* BaseBillManager.m in Sources */,
				0CACF9EB1B4F92AC007E46D9 /* MySehmented.m in Sources */,
				0C1178A41B466B860003B7CF /* BaseBill.m in Sources */,
				0CB1D4BF1B4CEF3700E4ACB1 /* JHChangeCellAlertView.m in Sources */,
				0CAFD88D1B4381D100DC204F /* main.m in Sources */,
				0CF1F4211B4E943000F9585D /* PieChartController.m in Sources */,
			);
			runOnlyForDeploymentPostprocessing = 0;
		};
		0CAFD89C1B4381D100DC204F /* Sources */ = {
			isa = PBXSourcesBuildPhase;
			buildActionMask = 2147483647;
			files = (
				0CAFD8A71B4381D100DC204F /* ElectronicBookTests.m in Sources */,
			);
			runOnlyForDeploymentPostprocessing = 0;
		};
/* End PBXSourcesBuildPhase section */

/* Begin PBXTargetDependency section */
		0CAFD8A21B4381D100DC204F /* PBXTargetDependency */ = {
			isa = PBXTargetDependency;
			target = 0CAFD8861B4381D100DC204F /* ElectronicBook */;
			targetProxy = 0CAFD8A11B4381D100DC204F /* PBXContainerItemProxy */;
		};
/* End PBXTargetDependency section */

/* Begin PBXVariantGroup section */
		0CAFD8991B4381D100DC204F /* LaunchScreen.xib */ = {
			isa = PBXVariantGroup;
			children = (
				0CAFD89A1B4381D100DC204F /* Base */,
			);
			name = LaunchScreen.xib;
			sourceTree = "<group>";
		};
/* End PBXVariantGroup section */

/* Begin XCBuildConfiguration section */
		0CAFD8A81B4381D100DC204F /* Debug */ = {
			isa = XCBuildConfiguration;
			buildSettings = {
				ALWAYS_SEARCH_USER_PATHS = NO;
				CLANG_CXX_LANGUAGE_STANDARD = "gnu++0x";
				CLANG_CXX_LIBRARY = "libc++";
				CLANG_ENABLE_MODULES = YES;
				CLANG_ENABLE_OBJC_ARC = YES;
				CLANG_WARN_BOOL_CONVERSION = YES;
				CLANG_WARN_CONSTANT_CONVERSION = YES;
				CLANG_WARN_DIRECT_OBJC_ISA_USAGE = YES_ERROR;
				CLANG_WARN_EMPTY_BODY = YES;
				CLANG_WARN_ENUM_CONVERSION = YES;
				CLANG_WARN_INT_CONVERSION = YES;
				CLANG_WARN_OBJC_ROOT_CLASS = YES_ERROR;
				CLANG_WARN_UNREACHABLE_CODE = YES;
				CLANG_WARN__DUPLICATE_METHOD_MATCH = YES;
				"CODE_SIGN_IDENTITY[sdk=iphoneos*]" = "iPhone Developer";
				COPY_PHASE_STRIP = NO;
				ENABLE_STRICT_OBJC_MSGSEND = YES;
				GCC_C_LANGUAGE_STANDARD = gnu99;
				GCC_DYNAMIC_NO_PIC = NO;
				GCC_OPTIMIZATION_LEVEL = 0;
				GCC_PREPROCESSOR_DEFINITIONS = (
					"DEBUG=1",
					"$(inherited)",
				);
				GCC_SYMBOLS_PRIVATE_EXTERN = NO;
				GCC_WARN_64_TO_32_BIT_CONVERSION = YES;
				GCC_WARN_ABOUT_RETURN_TYPE = YES_ERROR;
				GCC_WARN_UNDECLARED_SELECTOR = YES;
				GCC_WARN_UNINITIALIZED_AUTOS = YES_AGGRESSIVE;
				GCC_WARN_UNUSED_FUNCTION = YES;
				GCC_WARN_UNUSED_VARIABLE = YES;
				IPHONEOS_DEPLOYMENT_TARGET = 8.1;
				MTL_ENABLE_DEBUG_INFO = YES;
				ONLY_ACTIVE_ARCH = YES;
				SDKROOT = iphoneos;
				TARGETED_DEVICE_FAMILY = "1,2";
			};
			name = Debug;
		};
		0CAFD8A91B4381D100DC204F /* Release */ = {
			isa = XCBuildConfiguration;
			buildSettings = {
				ALWAYS_SEARCH_USER_PATHS = NO;
				CLANG_CXX_LANGUAGE_STANDARD = "gnu++0x";
				CLANG_CXX_LIBRARY = "libc++";
				CLANG_ENABLE_MODULES = YES;
				CLANG_ENABLE_OBJC_ARC = YES;
				CLANG_WARN_BOOL_CONVERSION = YES;
				CLANG_WARN_CONSTANT_CONVERSION = YES;
				CLANG_WARN_DIRECT_OBJC_ISA_USAGE = YES_ERROR;
				CLANG_WARN_EMPTY_BODY = YES;
				CLANG_WARN_ENUM_CONVERSION = YES;
				CLANG_WARN_INT_CONVERSION = YES;
				CLANG_WARN_OBJC_ROOT_CLASS = YES_ERROR;
				CLANG_WARN_UNREACHABLE_CODE = YES;
				CLANG_WARN__DUPLICATE_METHOD_MATCH = YES;
				"CODE_SIGN_IDENTITY[sdk=iphoneos*]" = "iPhone Developer";
				COPY_PHASE_STRIP = YES;
				ENABLE_NS_ASSERTIONS = NO;
				ENABLE_STRICT_OBJC_MSGSEND = YES;
				GCC_C_LANGUAGE_STANDARD = gnu99;
				GCC_WARN_64_TO_32_BIT_CONVERSION = YES;
				GCC_WARN_ABOUT_RETURN_TYPE = YES_ERROR;
				GCC_WARN_UNDECLARED_SELECTOR = YES;
				GCC_WARN_UNINITIALIZED_AUTOS = YES_AGGRESSIVE;
				GCC_WARN_UNUSED_FUNCTION = YES;
				GCC_WARN_UNUSED_VARIABLE = YES;
				IPHONEOS_DEPLOYMENT_TARGET = 8.1;
				MTL_ENABLE_DEBUG_INFO = NO;
				SDKROOT = iphoneos;
				TARGETED_DEVICE_FAMILY = "1,2";
				VALIDATE_PRODUCT = YES;
			};
			name = Release;
		};
		0CAFD8AB1B4381D100DC204F /* Debug */ = {
			isa = XCBuildConfiguration;
			buildSettings = {
				ASSETCATALOG_COMPILER_APPICON_NAME = AppIcon;
				INFOPLIST_FILE = ElectronicBook/Info.plist;
				IPHONEOS_DEPLOYMENT_TARGET = 8.1;
				LD_RUNPATH_SEARCH_PATHS = "$(inherited) @executable_path/Frameworks";
				PRODUCT_NAME = "$(TARGET_NAME)";
			};
			name = Debug;
		};
		0CAFD8AC1B4381D100DC204F /* Release */ = {
			isa = XCBuildConfiguration;
			buildSettings = {
				ASSETCATALOG_COMPILER_APPICON_NAME = AppIcon;
				INFOPLIST_FILE = ElectronicBook/Info.plist;
				IPHONEOS_DEPLOYMENT_TARGET = 8.1;
				LD_RUNPATH_SEARCH_PATHS = "$(inherited) @executable_path/Frameworks";
				PRODUCT_NAME = "$(TARGET_NAME)";
			};
			name = Release;
		};
		0CAFD8AE1B4381D100DC204F /* Debug */ = {
			isa = XCBuildConfiguration;
			buildSettings = {
				BUNDLE_LOADER = "$(TEST_HOST)";
				FRAMEWORK_SEARCH_PATHS = (
					"$(SDKROOT)/Developer/Library/Frameworks",
					"$(inherited)",
				);
				GCC_PREPROCESSOR_DEFINITIONS = (
					"DEBUG=1",
					"$(inherited)",
				);
				INFOPLIST_FILE = ElectronicBookTests/Info.plist;
				LD_RUNPATH_SEARCH_PATHS = "$(inherited) @executable_path/Frameworks @loader_path/Frameworks";
				PRODUCT_NAME = "$(TARGET_NAME)";
				TEST_HOST = "$(BUILT_PRODUCTS_DIR)/ElectronicBook.app/ElectronicBook";
			};
			name = Debug;
		};
		0CAFD8AF1B4381D100DC204F /* Release */ = {
			isa = XCBuildConfiguration;
			buildSettings = {
				BUNDLE_LOADER = "$(TEST_HOST)";
				FRAMEWORK_SEARCH_PATHS = (
					"$(SDKROOT)/Developer/Library/Frameworks",
					"$(inherited)",
				);
				INFOPLIST_FILE = ElectronicBookTests/Info.plist;
				LD_RUNPATH_SEARCH_PATHS = "$(inherited) @executable_path/Frameworks @loader_path/Frameworks";
				PRODUCT_NAME = "$(TARGET_NAME)";
				TEST_HOST = "$(BUILT_PRODUCTS_DIR)/ElectronicBook.app/ElectronicBook";
			};
			name = Release;
		};
/* End XCBuildConfiguration section */

/* Begin XCConfigurationList section */
		0CAFD8821B4381D100DC204F /* Build configuration list for PBXProject "ElectronicBook" */ = {
			isa = XCConfigurationList;
			buildConfigurations = (
				0CAFD8A81B4381D100DC204F /* Debug */,
				0CAFD8A91B4381D100DC204F /* Release */,
			);
			defaultConfigurationIsVisible = 0;
			defaultConfigurationName = Release;
		};
		0CAFD8AA1B4381D100DC204F /* Build configuration list for PBXNativeTarget "ElectronicBook" */ = {
			isa = XCConfigurationList;
			buildConfigurations = (
				0CAFD8AB1B4381D100DC204F /* Debug */,
				0CAFD8AC1B4381D100DC204F /* Release */,
			);
			defaultConfigurationIsVisible = 0;
			defaultConfigurationName = Release;
		};
		0CAFD8AD1B4381D100DC204F /* Build configuration list for PBXNativeTarget "ElectronicBookTests" */ = {
			isa = XCConfigurationList;
			buildConfigurations = (
				0CAFD8AE1B4381D100DC204F /* Debug */,
				0CAFD8AF1B4381D100DC204F /* Release */,
			);
			defaultConfigurationIsVisible = 0;
			defaultConfigurationName = Release;
		};
/* End XCConfigurationList section */

/* Begin XCVersionGroup section */
		0C1178A61B466BA20003B7CF /* Model.xcdatamodeld */ = {
			isa = XCVersionGroup;
			children = (
				0C1178A71B466BA20003B7CF /* Model.xcdatamodel */,
			);
			currentVersion = 0C1178A71B466BA20003B7CF /* Model.xcdatamodel */;
			path = Model.xcdatamodeld;
			sourceTree = "<group>";
			versionGroupType = wrapper.xcdatamodel;
		};
/* End XCVersionGroup section */
	};
	rootObject = 0CAFD87F1B4381D100DC204F /* Project object */;
}
